
Microsoft Visual Studio Solution File, Format Version 12.00
# Visual Studio 2013
VisualStudioVersion = 12.0.21005.1
MinimumVisualStudioVersion = 10.0.40219.1
Project("{8BC9CEB8-8B4A-11D0-8D11-00A0C91BC942}") = "喝汽水，1瓶汽水1元，2个空瓶可以换一瓶汽水,20元喝多少瓶", "喝汽水，1瓶汽水1元，2个空瓶可以换一瓶汽水,20元喝多少瓶.vcxproj", "{EE5013B3-9059-4EB9-8EA8-01C86190C902}"
EndProject
Global
	GlobalSection(SolutionConfigurationPlatforms) = preSolution
		Debug|Win32 = Debug|Win32
		Release|Win32 = Release|Win32
	EndGlobalSection
	GlobalSection(ProjectConfigurationPlatforms) = postSolution
		{EE5013B3-9059-4EB9-8EA8-01C86190C902}.Debug|Win32.ActiveCfg = Debug|Win32
		{EE5013B3-9059-4EB9-8EA8-01C86190C902}.Debug|Win32.Build.0 = Debug|Win32
		{EE5013B3-9059-4EB9-8EA8-01C86190C902}.Release|Win32.ActiveCfg = Release|Win32
		{EE5013B3-9059-4EB9-8EA8-01C86190C902}.Release|Win32.Build.0 = Release|Win32
	EndGlobalSection
	GlobalSection(SolutionProperties) = preSolution
		HideSolutionNode = FALSE
	EndGlobalSection
EndGlobal
